{
  "requires": true,
  "lockfileVersion": 1,
  "dependencies": {
    "debug": {
      "version": "1.0.5",
      "resolved": "https://registry.npmjs.org/debug/-/debug-1.0.5.tgz",
      "integrity": "sha1-9yQSF0MPmd7EwrRz6rkiKOh0wqw=",
      "requires": {
        "ms": "2.0.0"
      }
    },
    "elixir": {
      "version": "0.1.2",
      "resolved": "https://registry.npmjs.org/elixir/-/elixir-0.1.2.tgz",
      "integrity": "sha1-gbJrW7dRx3Oa7O54P5gQFD41GtM=",
      "requires": {
        "raptorjuice": "^0.2.11"
      }
    },
    "erlang": {
      "version": "1.0.0",
      "resolved": "https://registry.npmjs.org/erlang/-/erlang-1.0.0.tgz",
      "integrity": "sha1-yNlCBGC26FHY2kCw7Mprybz8GO4=",
      "requires": {
        "debug": "~1.0.4"
      }
    },
    "hound": {
      "version": "1.0.5",
      "resolved": "https://registry.npmjs.org/hound/-/hound-1.0.5.tgz",
      "integrity": "sha1-WbvTkiDrSlQd/04t40HW2vb4ook="
    },
    "ms": {
      "version": "2.0.0",
      "resolved": "https://registry.npmjs.org/ms/-/ms-2.0.0.tgz",
      "integrity": "sha1-VgiurfwAvmwpAd9fmGF4jeDVl8g="
    },
    "raptorjuice": {
      "version": "0.2.12",
      "resolved": "https://registry.npmjs.org/raptorjuice/-/raptorjuice-0.2.12.tgz",
      "integrity": "sha1-oJoGraVX0RvXyn4LXDRnkrfrAvg="
    },
    "snapshot": {
      "version": "0.0.0",
      "resolved": "https://registry.npmjs.org/snapshot/-/snapshot-0.0.0.tgz",
      "integrity": "sha1-y2M+g4+R/VS5pK7hAAoalNTB9f8="
    }
  }
}
